{
  "name": "vue2.5.2",
  "version": "1.0.0",
  "lockfileVersion": 2,
  "requires": true,
  "packages": {
    "": {
      "name": "vue2.5.2",
      "version": "1.0.0",
      "license": "ISC",
      "dependencies": {
        "vue": "^2.6.0"
      }
    },
    "node_modules/vue": {
      "version": "2.6.0",
      "resolved": "https://registry.npmjs.org/vue/-/vue-2.6.0.tgz",
      "integrity": "sha512-QSKHpmV17wqDmS5jVCc8X9LyTcCCQP4M1RTRpLBO+hRveePduJaGz1FGjVpRVcE6cKYbhsooz6RW7GWLGNjKGg=="
    }
  },
  "dependencies": {
    "vue": {
      "version": "2.6.0",
      "resolved": "https://registry.npmjs.org/vue/-/vue-2.6.0.tgz",
      "integrity": "sha512-QSKHpmV17wqDmS5jVCc8X9LyTcCCQP4M1RTRpLBO+hRveePduJaGz1FGjVpRVcE6cKYbhsooz6RW7GWLGNjKGg=="
    }
  }
}
